<?xml version="1.0" encoding="utf-8"?>
<Project ToolsVersion="4.0" xmlns="http://schemas.microsoft.com/developer/msbuild/2003">
  <ItemGroup>
    <Filter Include="Source Files">
      <UniqueIdentifier>{4FC737F1-C7A5-4376-A066-2A32D752A2FF}</UniqueIdentifier>
      <Extensions>cpp;c;cc;cxx;def;odl;idl;hpj;bat;asm;asmx</Extensions>
    </Filter>
    <Filter Include="Header Files">
      <UniqueIdentifier>{93995380-89BD-4b04-88EB-625FBE52EBFB}</UniqueIdentifier>
      <Extensions>h;hh;hpp;hxx;hm;inl;inc;ipp;xsd</Extensions>
    </Filter>
    <Filter Include="Resource Files">
      <UniqueIdentifier>{67DA6AB6-F800-4c08-8B7A-83BB121AAD01}</UniqueIdentifier>
      <Extensions>rc;ico;cur;bmp;dlg;rc2;rct;bin;rgs;gif;jpg;jpeg;jpe;resx;tiff;tif;png;wav;mfcribbon-ms</Extensions>
    </Filter>
    <Filter Include="src">
      <UniqueIdentifier>{a73f58dc-f1c6-437c-a87c-a0f3d7ba5403}</UniqueIdentifier>
    </Filter>
    <Filter Include="src\AudioSupport">
      <UniqueIdentifier>{3c2e0cb7-1b25-4553-ac50-eda90a135116}</UniqueIdentifier>
    </Filter>
    <Filter Include="src\base">
      <UniqueIdentifier>{4804a8b0-4a2f-490f-8b9d-d7089dc63537}</UniqueIdentifier>
    </Filter>
    <Filter Include="src\DesktopWindow">
      <UniqueIdentifier>{b30fc059-6e00-4b52-888b-f89aa6196f7d}</UniqueIdentifier>
    </Filter>
    <Filter Include="src\MainWindow">
      <UniqueIdentifier>{8e3d9408-5d45-467a-9ace-d19f637704d0}</UniqueIdentifier>
    </Filter>
    <Filter Include="src\PlayerControls">
      <UniqueIdentifier>{9a134cd5-8323-4f33-99e2-5ce887aa507d}</UniqueIdentifier>
    </Filter>
  </ItemGroup>
  <ItemGroup>
    <ClCompile Include="src\AudioSupport\MciPlayer.cpp">
      <Filter>src\AudioSupport</Filter>
    </ClCompile>
    <ClCompile Include="src\base\Common.cpp">
      <Filter>src\base</Filter>
    </ClCompile>
    <ClCompile Include="src\base\TrackBar.cpp">
      <Filter>src\base</Filter>
    </ClCompile>
    <ClCompile Include="src\base\Window.cpp">
      <Filter>src\base</Filter>
    </ClCompile>
    <ClCompile Include="src\DesktopWindow\DesktopWindow.cpp">
      <Filter>src\DesktopWindow</Filter>
    </ClCompile>
    <ClCompile Include="src\main.cpp">
      <Filter>src</Filter>
    </ClCompile>
    <ClCompile Include="src\MainWindow\MainWindow.cpp">
      <Filter>src\MainWindow</Filter>
    </ClCompile>
    <ClCompile Include="src\PlayerControls\PlayListView.cpp">
      <Filter>src\PlayerControls</Filter>
    </ClCompile>
  </ItemGroup>
  <ItemGroup>
    <ClInclude Include="src\AudioSupport\MciPlayer.h">
      <Filter>src\AudioSupport</Filter>
    </ClInclude>
    <ClInclude Include="src\base\Common.h">
      <Filter>src\base</Filter>
    </ClInclude>
    <ClInclude Include="src\base\TrackBar.h">
      <Filter>src\base</Filter>
    </ClInclude>
    <ClInclude Include="src\base\Window.h">
      <Filter>src\base</Filter>
    </ClInclude>
    <ClInclude Include="src\DesktopWindow\DesktopWindow.h">
      <Filter>src\DesktopWindow</Filter>
    </ClInclude>
    <ClInclude Include="src\MainWindow\MainWindow.h">
      <Filter>src\MainWindow</Filter>
    </ClInclude>
    <ClInclude Include="src\PlayerControls\PlayListView.h">
      <Filter>src\PlayerControls</Filter>
    </ClInclude>
  </ItemGroup>
</Project>